%{"decimal": {:hex, :decimal, "1.1.2", "79a769d4657b2d537b51ef3c02d29ab7141d2b486b516c109642d453ee08e00c", [:mix], []},
  "esqlite": {:hex, :esqlite, "0.2.2", "e4e8b39062a075e0bd4756b894dd2aa8edbf94c9081c1fb5c72dc705bf2f2d88", [:rebar, :make], []},
  "sqlitex": {:hex, :sqlitex, "1.0.0", "1251db29bf498416fca3ffaac8a1fa705c5ed157e0a8d5b97d927908c3cebb03", [:mix], [{:decimal, "~> 1.1.0", [hex: :decimal, optional: false]}, {:esqlite, "~> 0.2.0", [hex: :esqlite, optional: false]}]}}
